Microsoft Visual Studio Solution File, Format Version 12.00
# Visual Studio Version 17
VisualStudioVersion = 17.5.2.0
MinimumVisualStudioVersion = 10.0.40219.1
Project("{2150E333-8FDC-42A3-9474-1A3956D46DE8}") = "POC", "POC", "{91A61E71-63CB-8585-6B43-D839BF390033}"
EndProject
Project("{2150E333-8FDC-42A3-9474-1A3956D46DE8}") = "Web", "Web", "{9D6BD136-35E2-7B64-89A4-5FE7ACE553F7}"
EndProject
Project("{FAE04EC0-301F-11D3-BF4B-00C04F79EFBC}") = "Web_Blazor", "POC\Web\Web_Blazor\Web_Blazor.csproj", "{CDAE7468-97B8-EBEA-9CB0-1DCA931D7B44}"
EndProject
Global
	GlobalSection(SolutionConfigurationPlatforms) = preSolution
		Debug|Any CPU = Debug|Any CPU
		Release|Any CPU = Release|Any CPU
	EndGlobalSection
	GlobalSection(ProjectConfigurationPlatforms) = postSolution
		{CDAE7468-97B8-EBEA-9CB0-1DCA931D7B44}.Debug|Any CPU.ActiveCfg = Debug|Any CPU
		{CDAE7468-97B8-EBEA-9CB0-1DCA931D7B44}.Debug|Any CPU.Build.0 = Debug|Any CPU
		{CDAE7468-97B8-EBEA-9CB0-1DCA931D7B44}.Release|Any CPU.ActiveCfg = Release|Any CPU
		{CDAE7468-97B8-EBEA-9CB0-1DCA931D7B44}.Release|Any CPU.Build.0 = Release|Any CPU
	EndGlobalSection
	GlobalSection(SolutionProperties) = preSolution
		HideSolutionNode = FALSE
	EndGlobalSection
	GlobalSection(NestedProjects) = preSolution
		{9D6BD136-35E2-7B64-89A4-5FE7ACE553F7} = {91A61E71-63CB-8585-6B43-D839BF390033}
		{CDAE7468-97B8-EBEA-9CB0-1DCA931D7B44} = {9D6BD136-35E2-7B64-89A4-5FE7ACE553F7}
	EndGlobalSection
	GlobalSection(ExtensibilityGlobals) = postSolution
		SolutionGuid = {741EDD04-322D-4CB8-BD28-B71A96238E18}
	EndGlobalSection
EndGlobal
